
Microsoft Visual Studio Solution File, Format Version 12.00
# Visual Studio Version 16
VisualStudioVersion = 16.0.31025.218
MinimumVisualStudioVersion = 10.0.40219.1
Project("{FAE04EC0-301F-11D3-BF4B-00C04F79EFBC}") = "EcommerceSiteAPI", "EcommerceSiteAPI\EcommerceSiteAPI.csproj", "{4CF8779D-A9E9-46F3-ADB4-4540CFEA3286}"
EndProject
Global
	GlobalSection(SolutionConfigurationPlatforms) = preSolution
		Debug|Any CPU = Debug|Any CPU
		Release|Any CPU = Release|Any CPU
	EndGlobalSection
	GlobalSection(ProjectConfigurationPlatforms) = postSolution
		{4CF8779D-A9E9-46F3-ADB4-4540CFEA3286}.Debug|Any CPU.ActiveCfg = Debug|Any CPU
		{4CF8779D-A9E9-46F3-ADB4-4540CFEA3286}.Debug|Any CPU.Build.0 = Debug|Any CPU
		{4CF8779D-A9E9-46F3-ADB4-4540CFEA3286}.Release|Any CPU.ActiveCfg = Release|Any CPU
		{4CF8779D-A9E9-46F3-ADB4-4540CFEA3286}.Release|Any CPU.Build.0 = Release|Any CPU
	EndGlobalSection
	GlobalSection(SolutionProperties) = preSolution
		HideSolutionNode = FALSE
	EndGlobalSection
	GlobalSection(ExtensibilityGlobals) = postSolution
		SolutionGuid = {42654BC5-1D27-445C-96CC-B05AE2D3AC6B}
	EndGlobalSection
EndGlobal
